{
  "name": "patternfly-yew",
  "version": "0.0.1",
  "lockfileVersion": 3,
  "requires": true,
  "packages": {
    "": {
      "name": "patternfly-yew",
      "version": "0.0.1",
      "dependencies": {
        "@patternfly/patternfly": "^5.4.0"
      }
    },
    "node_modules/@patternfly/patternfly": {
      "version": "5.4.0",
      "resolved": "https://registry.npmjs.org/@patternfly/patternfly/-/patternfly-5.4.0.tgz",
      "integrity": "sha512-9B33M4N0/KDyss6NpCwAhz18za7R+sXYiFrUObhGoJ1Cmg06SeScVrEAjT4yJwAClWUlKh604Af9wE4D7IF8Lg=="
    }
  }
}
