{
  "name": "patternfly-yew",
  "version": "0.0.1",
  "lockfileVersion": 3,
  "requires": true,
  "packages": {
    "": {
      "name": "patternfly-yew",
      "version": "0.0.1",
      "dependencies": {
        "@fortawesome/fontawesome-free": "7.2.0",
        "@patternfly/patternfly": "^6.6.1"
      }
    },
    "node_modules/@fortawesome/fontawesome-free": {
      "version": "7.2.0",
      "resolved": "https://registry.npmjs.org/@fortawesome/fontawesome-free/-/fontawesome-free-7.2.0.tgz",
      "integrity": "sha512-3DguDv/oUE+7vjMeTSOjCSG+KeawgVQOHrKRnvUuqYh1mfArrh7s+s8hXW3e4RerBA1+Wh+hBqf8sJNpqNrBWg==",
      "license": "(CC-BY-4.0 AND OFL-1.1 AND MIT)",
      "engines": {
        "node": ">=6"
      }
    },
    "node_modules/@patternfly/patternfly": {
      "version": "6.6.1",
      "resolved": "https://registry.npmjs.org/@patternfly/patternfly/-/patternfly-6.6.1.tgz",
      "integrity": "sha512-8P9C1TmFk5y5s2/1XVjmP9JmSyDXDiNBwPZewhPizULtqlaRu+Evljx/X1HTSFrCNY0qgI1uDKy+NXiorIniyA==",
      "license": "MIT"
    }
  }
}
