{
  "name": "patternfly-yew",
  "version": "0.0.1",
  "lockfileVersion": 3,
  "requires": true,
  "packages": {
    "": {
      "name": "patternfly-yew",
      "version": "0.0.1",
      "dependencies": {
        "@patternfly/patternfly": "^6.2.0"
      }
    },
    "node_modules/@patternfly/patternfly": {
      "version": "6.2.0",
      "resolved": "https://registry.npmjs.org/@patternfly/patternfly/-/patternfly-6.2.0.tgz",
      "integrity": "sha512-IfNC66MW8pyD3MHqq1Ff8BiRV7Aw0ySQd9TpmNAW8hx5Q1C2YiZWiqyGrhF2Oau/605VZCSOUlG8/XmfMiKVQQ==",
      "license": "MIT"
    }
  }
}
